
Microsoft Visual Studio Solution File, Format Version 12.00
# Visual Studio 2012
Project("{FAE04EC0-301F-11D3-BF4B-00C04F79EFBC}") = "Tests", "Tests\Tests.csproj", "{121D3126-D680-4C0A-93BA-0A02BBF6582C}"
EndProject
Project("{FAE04EC0-301F-11D3-BF4B-00C04F79EFBC}") = "StreetFinder", "StreetFinderLucene\StreetFinder.csproj", "{7218934A-87B3-4114-A3C8-3CCE1D86159C}"
EndProject
Global
	GlobalSection(SolutionConfigurationPlatforms) = preSolution
		Debug|Any CPU = Debug|Any CPU
		Release|Any CPU = Release|Any CPU
	EndGlobalSection
	GlobalSection(ProjectConfigurationPlatforms) = postSolution
		{121D3126-D680-4C0A-93BA-0A02BBF6582C}.Debug|Any CPU.ActiveCfg = Debug|Any CPU
		{121D3126-D680-4C0A-93BA-0A02BBF6582C}.Debug|Any CPU.Build.0 = Debug|Any CPU
		{121D3126-D680-4C0A-93BA-0A02BBF6582C}.Release|Any CPU.ActiveCfg = Release|Any CPU
		{121D3126-D680-4C0A-93BA-0A02BBF6582C}.Release|Any CPU.Build.0 = Release|Any CPU
		{7218934A-87B3-4114-A3C8-3CCE1D86159C}.Debug|Any CPU.ActiveCfg = Debug|Any CPU
		{7218934A-87B3-4114-A3C8-3CCE1D86159C}.Debug|Any CPU.Build.0 = Debug|Any CPU
		{7218934A-87B3-4114-A3C8-3CCE1D86159C}.Release|Any CPU.ActiveCfg = Release|Any CPU
		{7218934A-87B3-4114-A3C8-3CCE1D86159C}.Release|Any CPU.Build.0 = Release|Any CPU
	EndGlobalSection
	GlobalSection(SolutionProperties) = preSolution
		HideSolutionNode = FALSE
	EndGlobalSection
EndGlobal
